
Microsoft Visual Studio Solution File, Format Version 12.00
# Visual Studio Version 17
VisualStudioVersion = 17.3.32901.215
MinimumVisualStudioVersion = 10.0.40219.1
Project("{FAE04EC0-301F-11D3-BF4B-00C04F79EFBC}") = "equipments-control-backend", "equipments-control-backend\equipments-control-backend.csproj", "{53369917-3BE2-4CE4-AEDD-7088AF5DE3C8}"
EndProject
Global
	GlobalSection(SolutionConfigurationPlatforms) = preSolution
		Debug|Any CPU = Debug|Any CPU
		Release|Any CPU = Release|Any CPU
	EndGlobalSection
	GlobalSection(ProjectConfigurationPlatforms) = postSolution
		{53369917-3BE2-4CE4-AEDD-7088AF5DE3C8}.Debug|Any CPU.ActiveCfg = Debug|Any CPU
		{53369917-3BE2-4CE4-AEDD-7088AF5DE3C8}.Debug|Any CPU.Build.0 = Debug|Any CPU
		{53369917-3BE2-4CE4-AEDD-7088AF5DE3C8}.Release|Any CPU.ActiveCfg = Release|Any CPU
		{53369917-3BE2-4CE4-AEDD-7088AF5DE3C8}.Release|Any CPU.Build.0 = Release|Any CPU
	EndGlobalSection
	GlobalSection(SolutionProperties) = preSolution
		HideSolutionNode = FALSE
	EndGlobalSection
	GlobalSection(ExtensibilityGlobals) = postSolution
		SolutionGuid = {FA556A5B-D6EE-4E27-82D3-572A87E407D8}
	EndGlobalSection
EndGlobal
